
Microsoft Visual Studio Solution File, Format Version 12.00
# Visual Studio Version 16
VisualStudioVersion = 16.0.29911.84
MinimumVisualStudioVersion = 10.0.40219.1
Project("{8BC9CEB8-8B4A-11D0-8D11-00A0C91BC942}") = "OOP", "OOP\OOP.vcxproj", "{1DFC48E6-57D3-46B8-9578-7C82B0403951}"
EndProject
Global
	GlobalSection(SolutionConfigurationPlatforms) = preSolution
		Debug|x64 = Debug|x64
		Debug|x86 = Debug|x86
		Release|x64 = Release|x64
		Release|x86 = Release|x86
	EndGlobalSection
	GlobalSection(ProjectConfigurationPlatforms) = postSolution
		{1DFC48E6-57D3-46B8-9578-7C82B0403951}.Debug|x64.ActiveCfg = Debug|x64
		{1DFC48E6-57D3-46B8-9578-7C82B0403951}.Debug|x64.Build.0 = Debug|x64
		{1DFC48E6-57D3-46B8-9578-7C82B0403951}.Debug|x86.ActiveCfg = Debug|Win32
		{1DFC48E6-57D3-46B8-9578-7C82B0403951}.Debug|x86.Build.0 = Debug|Win32
		{1DFC48E6-57D3-46B8-9578-7C82B0403951}.Release|x64.ActiveCfg = Release|x64
		{1DFC48E6-57D3-46B8-9578-7C82B0403951}.Release|x64.Build.0 = Release|x64
		{1DFC48E6-57D3-46B8-9578-7C82B0403951}.Release|x86.ActiveCfg = Release|Win32
		{1DFC48E6-57D3-46B8-9578-7C82B0403951}.Release|x86.Build.0 = Release|Win32
	EndGlobalSection
	GlobalSection(SolutionProperties) = preSolution
		HideSolutionNode = FALSE
	EndGlobalSection
	GlobalSection(ExtensibilityGlobals) = postSolution
		SolutionGuid = {FF5B5325-DAA2-44A7-980D-A877DCDB1EEC}
	EndGlobalSection
EndGlobal
